
Microsoft Visual Studio Solution File, Format Version 12.00
# Visual Studio Version 17
VisualStudioVersion = 17.1.32210.238
MinimumVisualStudioVersion = 10.0.40219.1
Project("{FAE04EC0-301F-11D3-BF4B-00C04F79EFBC}") = "SİTE EMLAK PROGRAM", "SİTE EMLAK PROGRAM\SİTE EMLAK PROGRAM.csproj", "{F61AAABA-A762-48A2-9EB6-975161AD68AC}"
EndProject
Global
	GlobalSection(SolutionConfigurationPlatforms) = preSolution
		Debug|Any CPU = Debug|Any CPU
		Release|Any CPU = Release|Any CPU
	EndGlobalSection
	GlobalSection(ProjectConfigurationPlatforms) = postSolution
		{F61AAABA-A762-48A2-9EB6-975161AD68AC}.Debug|Any CPU.ActiveCfg = Debug|Any CPU
		{F61AAABA-A762-48A2-9EB6-975161AD68AC}.Debug|Any CPU.Build.0 = Debug|Any CPU
		{F61AAABA-A762-48A2-9EB6-975161AD68AC}.Release|Any CPU.ActiveCfg = Release|Any CPU
		{F61AAABA-A762-48A2-9EB6-975161AD68AC}.Release|Any CPU.Build.0 = Release|Any CPU
	EndGlobalSection
	GlobalSection(SolutionProperties) = preSolution
		HideSolutionNode = FALSE
	EndGlobalSection
	GlobalSection(ExtensibilityGlobals) = postSolution
		SolutionGuid = {FF4C32FC-665A-41FC-BDB0-2424AA235412}
	EndGlobalSection
EndGlobal
